# THIS IS AN AUTOGENERATED FILE. DO NOT EDIT THIS FILE DIRECTLY.
# yarn lockfile v1


"@types/animejs@^2.0.0":
  version "2.0.0"
  resolved "https://registry.yarnpkg.com/@types/animejs/-/animejs-2.0.0.tgz#9163f06aba47595b99951d5560c10e78223f0e20"
  integrity sha512-ftF0qNj3VcmJvbFSIR6wyKqmgpOxZJXCAhBgOzrRyPK/CzWSvKtFKDvflvMC9a2dr9/MpDNoMmrOBUOKBzj6Qw==

"animejs@https://github.com/sploders101/anime":
  version "2.2.0"
  resolved "https://github.com/sploders101/anime#89e8a7489e4d8b239cf5cb8ce0e512cf55e4099a"
  dependencies:
    raf "^3.4.0"

performance-now@^2.1.0:
  version "2.1.0"
  resolved "https://registry.yarnpkg.com/performance-now/-/performance-now-2.1.0.tgz#6309f4e0e5fa913ec1c69307ae364b4b377c9e7b"
  integrity sha1-Ywn04OX6kT7BxpMHrjZLSzd8nns=

raf@^3.4.0:
  version "3.4.0"
  resolved "https://registry.yarnpkg.com/raf/-/raf-3.4.0.tgz#a28876881b4bc2ca9117d4138163ddb80f781575"
  integrity sha512-pDP/NMRAXoTfrhCfyfSEwJAKLaxBU9eApMeBPB1TkDouZmvPerIClV8lTAd+uF8ZiTaVl69e1FCxQrAd/VTjGw==
  dependencies:
    performance-now "^2.1.0"
